
Microsoft Visual Studio Solution File, Format Version 12.00
# Visual Studio Version 17
VisualStudioVersion = 17.0.32014.148
MinimumVisualStudioVersion = 10.0.40219.1
Project("{FAE04EC0-301F-11D3-BF4B-00C04F79EFBC}") = "GenericsProgram", "GenericsProgram\GenericsProgram.csproj", "{C08BFA3C-12CC-447D-A40B-F4888F4062C4}"
EndProject
Global
	GlobalSection(SolutionConfigurationPlatforms) = preSolution
		Debug|Any CPU = Debug|Any CPU
		Release|Any CPU = Release|Any CPU
	EndGlobalSection
	GlobalSection(ProjectConfigurationPlatforms) = postSolution
		{C08BFA3C-12CC-447D-A40B-F4888F4062C4}.Debug|Any CPU.ActiveCfg = Debug|Any CPU
		{C08BFA3C-12CC-447D-A40B-F4888F4062C4}.Debug|Any CPU.Build.0 = Debug|Any CPU
		{C08BFA3C-12CC-447D-A40B-F4888F4062C4}.Release|Any CPU.ActiveCfg = Release|Any CPU
		{C08BFA3C-12CC-447D-A40B-F4888F4062C4}.Release|Any CPU.Build.0 = Release|Any CPU
	EndGlobalSection
	GlobalSection(SolutionProperties) = preSolution
		HideSolutionNode = FALSE
	EndGlobalSection
	GlobalSection(ExtensibilityGlobals) = postSolution
		SolutionGuid = {DB71A96B-E410-4023-BF50-1E625A9A9B93}
	EndGlobalSection
EndGlobal
